
Microsoft Visual Studio Solution File, Format Version 12.00
# Visual Studio Version 16
VisualStudioVersion = 16.0.30907.101
MinimumVisualStudioVersion = 10.0.40219.1
Project("{FAE04EC0-301F-11D3-BF4B-00C04F79EFBC}") = "cis2205-nemesys", "cis2205-nemesys.csproj", "{B84F4A30-A9B4-4D00-93BF-37D3A7DFB7DD}"
EndProject
Global
	GlobalSection(SolutionConfigurationPlatforms) = preSolution
		Debug|Any CPU = Debug|Any CPU
		Release|Any CPU = Release|Any CPU
	EndGlobalSection
	GlobalSection(ProjectConfigurationPlatforms) = postSolution
		{B84F4A30-A9B4-4D00-93BF-37D3A7DFB7DD}.Debug|Any CPU.ActiveCfg = Debug|Any CPU
		{B84F4A30-A9B4-4D00-93BF-37D3A7DFB7DD}.Debug|Any CPU.Build.0 = Debug|Any CPU
		{B84F4A30-A9B4-4D00-93BF-37D3A7DFB7DD}.Release|Any CPU.ActiveCfg = Release|Any CPU
		{B84F4A30-A9B4-4D00-93BF-37D3A7DFB7DD}.Release|Any CPU.Build.0 = Release|Any CPU
	EndGlobalSection
	GlobalSection(SolutionProperties) = preSolution
		HideSolutionNode = FALSE
	EndGlobalSection
	GlobalSection(ExtensibilityGlobals) = postSolution
		SolutionGuid = {78BAC6B6-7E3F-47EB-B55A-8571382088CB}
	EndGlobalSection
EndGlobal
